
Microsoft Visual Studio Solution File, Format Version 12.00
# Visual Studio Version 16
VisualStudioVersion = 16.0.35425.106
MinimumVisualStudioVersion = 10.0.40219.1
Project("{FAE04EC0-301F-11D3-BF4B-00C04F79EFBC}") = "AccountingProject", "AccountingProject\AccountingProject.csproj", "{0FE8638B-5806-4561-829C-05A303F69222}"
EndProject
Global
	GlobalSection(SolutionConfigurationPlatforms) = preSolution
		Debug|Any CPU = Debug|Any CPU
		Release|Any CPU = Release|Any CPU
	EndGlobalSection
	GlobalSection(ProjectConfigurationPlatforms) = postSolution
		{0FE8638B-5806-4561-829C-05A303F69222}.Debug|Any CPU.ActiveCfg = Debug|Any CPU
		{0FE8638B-5806-4561-829C-05A303F69222}.Debug|Any CPU.Build.0 = Debug|Any CPU
		{0FE8638B-5806-4561-829C-05A303F69222}.Release|Any CPU.ActiveCfg = Release|Any CPU
		{0FE8638B-5806-4561-829C-05A303F69222}.Release|Any CPU.Build.0 = Release|Any CPU
	EndGlobalSection
	GlobalSection(SolutionProperties) = preSolution
		HideSolutionNode = FALSE
	EndGlobalSection
	GlobalSection(ExtensibilityGlobals) = postSolution
		SolutionGuid = {A2E0CC32-C354-4E5A-A766-FF6554192F3B}
	EndGlobalSection
EndGlobal
